// !$*UTF8*$!
{
	archiveVersion = 1;
	classes = {
	};
	objectVersion = 46;
	objects = {

/* Begin PBXBuildFile section */
		CB1932721D2A9D78000F0916 /* main.m in Sources */ = {isa = PBXBuildFile; fileRef = CB1932711D2A9D78000F0916 /* main.m */; };
		CB1932751D2A9D78000F0916 /* AppDelegate.m in Sources */ = {isa = PBXBuildFile; fileRef = CB1932741D2A9D78000F0916 /* AppDelegate.m */; };
		CB19327D1D2A9D78000F0916 /* Assets.xcassets in Resources */ = {isa = PBXBuildFile; fileRef = CB19327C1D2A9D78000F0916 /* Assets.xcassets */; };
		CB19328B1D2A9D78000F0916 /* BaiduMusicDemoTests.m in Sources */ = {isa = PBXBuildFile; fileRef = CB19328A1D2A9D78000F0916 /* BaiduMusicDemoTests.m */; };
		CB1932961D2A9D78000F0916 /* BaiduMusicDemoUITests.m in Sources */ = {isa = PBXBuildFile; fileRef = CB1932951D2A9D78000F0916 /* BaiduMusicDemoUITests.m */; };
		CB1C6E9D1D2AA8050090C57B /* libstdc++.6.0.9.tbd in Frameworks */ = {isa = PBXBuildFile; fileRef = CB1C6E9C1D2AA8050090C57B /* libstdc++.6.0.9.tbd */; };
		CB1C6E9F1D2AA80F0090C57B /* libc++.1.tbd in Frameworks */ = {isa = PBXBuildFile; fileRef = CB1C6E9E1D2AA80F0090C57B /* libc++.1.tbd */; };
		CB1C6EA11D2AA81F0090C57B /* libz.tbd in Frameworks */ = {isa = PBXBuildFile; fileRef = CB1C6EA01D2AA81F0090C57B /* libz.tbd */; };
		CB1C6EA31D2AA8240090C57B /* CoreFoundation.framework in Frameworks */ = {isa = PBXBuildFile; fileRef = CB1C6EA21D2AA8240090C57B /* CoreFoundation.framework */; };
		CB1C6EA51D2AA82D0090C57B /* CoreMedia.framework in Frameworks */ = {isa = PBXBuildFile; fileRef = CB1C6EA41D2AA82D0090C57B /* CoreMedia.framework */; };
		CB1C6EA71D2AA8360090C57B /* AudioToolbox.framework in Frameworks */ = {isa = PBXBuildFile; fileRef = CB1C6EA61D2AA8360090C57B /* AudioToolbox.framework */; };
		CB1C6EA91D2AA83F0090C57B /* AVFoundation.framework in Frameworks */ = {isa = PBXBuildFile; fileRef = CB1C6EA81D2AA83F0090C57B /* AVFoundation.framework */; };
		CB1C6EAB1D2AA8470090C57B /* MediaPlayer.framework in Frameworks */ = {isa = PBXBuildFile; fileRef = CB1C6EAA1D2AA8470090C57B /* MediaPlayer.framework */; };
		CB3B63F01D2F743600A3B64A /* BaseViewController.m in Sources */ = {isa = PBXBuildFile; fileRef = CB3B63EF1D2F743600A3B64A /* BaseViewController.m */; };
		CB3B63F31D2F748A00A3B64A /* Reachability.m in Sources */ = {isa = PBXBuildFile; fileRef = CB3B63F21D2F748A00A3B64A /* Reachability.m */; };
		CB41C2511D2B968900C8659E /* SongsListController+CreateSongList.m in Sources */ = {isa = PBXBuildFile; fileRef = CB41C2501D2B968900C8659E /* SongsListController+CreateSongList.m */; };
		CB41C2901D2CF4A100C8659E /* SystemConfiguration.framework in Frameworks */ = {isa = PBXBuildFile; fileRef = CB41C28F1D2CF4A100C8659E /* SystemConfiguration.framework */; };
		CB41C2931D2CF59800C8659E /* PlayDetailController.m in Sources */ = {isa = PBXBuildFile; fileRef = CB41C2921D2CF59800C8659E /* PlayDetailController.m */; };
		CB7A94A11D2F83D1006B93D9 /* libTingSDK.a in Frameworks */ = {isa = PBXBuildFile; fileRef = CB7A949E1D2F83D1006B93D9 /* libTingSDK.a */; };
		CB7A94A21D2F83D1006B93D9 /* ic_close.png in Resources */ = {isa = PBXBuildFile; fileRef = CB7A94A01D2F83D1006B93D9 /* ic_close.png */; };
		CBA48A1F1D2DE84E00FCBAAC /* LICENSE in Resources */ = {isa = PBXBuildFile; fileRef = CBA48A031D2DE84E00FCBAAC /* LICENSE */; };
		CBA48A201D2DE84E00FCBAAC /* MASCompositeConstraint.m in Sources */ = {isa = PBXBuildFile; fileRef = CBA48A061D2DE84E00FCBAAC /* MASCompositeConstraint.m */; };
		CBA48A211D2DE84E00FCBAAC /* MASConstraint.m in Sources */ = {isa = PBXBuildFile; fileRef = CBA48A091D2DE84E00FCBAAC /* MASConstraint.m */; };
		CBA48A221D2DE84E00FCBAAC /* MASConstraintMaker.m in Sources */ = {isa = PBXBuildFile; fileRef = CBA48A0B1D2DE84E00FCBAAC /* MASConstraintMaker.m */; };
		CBA48A231D2DE84E00FCBAAC /* MASLayoutConstraint.m in Sources */ = {isa = PBXBuildFile; fileRef = CBA48A0D1D2DE84E00FCBAAC /* MASLayoutConstraint.m */; };
		CBA48A241D2DE84E00FCBAAC /* MASViewAttribute.m in Sources */ = {isa = PBXBuildFile; fileRef = CBA48A111D2DE84E00FCBAAC /* MASViewAttribute.m */; };
		CBA48A251D2DE84E00FCBAAC /* MASViewConstraint.m in Sources */ = {isa = PBXBuildFile; fileRef = CBA48A131D2DE84E00FCBAAC /* MASViewConstraint.m */; };
		CBA48A261D2DE84E00FCBAAC /* NSArray+MASAdditions.m in Sources */ = {isa = PBXBuildFile; fileRef = CBA48A151D2DE84E00FCBAAC /* NSArray+MASAdditions.m */; };
		CBA48A271D2DE84E00FCBAAC /* NSLayoutConstraint+MASDebugAdditions.m in Sources */ = {isa = PBXBuildFile; fileRef = CBA48A181D2DE84E00FCBAAC /* NSLayoutConstraint+MASDebugAdditions.m */; };
		CBA48A281D2DE84E00FCBAAC /* View+MASAdditions.m in Sources */ = {isa = PBXBuildFile; fileRef = CBA48A1A1D2DE84E00FCBAAC /* View+MASAdditions.m */; };
		CBA48A291D2DE84E00FCBAAC /* ViewController+MASAdditions.m in Sources */ = {isa = PBXBuildFile; fileRef = CBA48A1D1D2DE84E00FCBAAC /* ViewController+MASAdditions.m */; };
		CBA48A2A1D2DE84E00FCBAAC /* README.md in Sources */ = {isa = PBXBuildFile; fileRef = CBA48A1E1D2DE84E00FCBAAC /* README.md */; };
		CBA48A4C1D2E016F00FCBAAC /* LICENSE in Resources */ = {isa = PBXBuildFile; fileRef = CBA48A2C1D2E016F00FCBAAC /* LICENSE */; };
		CBA48A4D1D2E016F00FCBAAC /* README.md in Sources */ = {isa = PBXBuildFile; fileRef = CBA48A2D1D2E016F00FCBAAC /* README.md */; };
		CBA48A4E1D2E016F00FCBAAC /* NSData+ImageContentType.m in Sources */ = {isa = PBXBuildFile; fileRef = CBA48A301D2E016F00FCBAAC /* NSData+ImageContentType.m */; };
		CBA48A4F1D2E016F00FCBAAC /* SDImageCache.m in Sources */ = {isa = PBXBuildFile; fileRef = CBA48A321D2E016F00FCBAAC /* SDImageCache.m */; };
		CBA48A501D2E016F00FCBAAC /* SDWebImageCompat.m in Sources */ = {isa = PBXBuildFile; fileRef = CBA48A341D2E016F00FCBAAC /* SDWebImageCompat.m */; };
		CBA48A511D2E016F00FCBAAC /* SDWebImageDecoder.m in Sources */ = {isa = PBXBuildFile; fileRef = CBA48A361D2E016F00FCBAAC /* SDWebImageDecoder.m */; };
		CBA48A521D2E016F00FCBAAC /* SDWebImageDownloader.m in Sources */ = {isa = PBXBuildFile; fileRef = CBA48A381D2E016F00FCBAAC /* SDWebImageDownloader.m */; };
		CBA48A531D2E016F00FCBAAC /* SDWebImageDownloaderOperation.m in Sources */ = {isa = PBXBuildFile; fileRef = CBA48A3A1D2E016F00FCBAAC /* SDWebImageDownloaderOperation.m */; };
		CBA48A541D2E016F00FCBAAC /* SDWebImageManager.m in Sources */ = {isa = PBXBuildFile; fileRef = CBA48A3C1D2E016F00FCBAAC /* SDWebImageManager.m */; };
		CBA48A551D2E016F00FCBAAC /* SDWebImagePrefetcher.m in Sources */ = {isa = PBXBuildFile; fileRef = CBA48A3F1D2E016F00FCBAAC /* SDWebImagePrefetcher.m */; };
		CBA48A561D2E016F00FCBAAC /* UIButton+WebCache.m in Sources */ = {isa = PBXBuildFile; fileRef = CBA48A411D2E016F00FCBAAC /* UIButton+WebCache.m */; };
		CBA48A571D2E016F00FCBAAC /* UIImage+GIF.m in Sources */ = {isa = PBXBuildFile; fileRef = CBA48A431D2E016F00FCBAAC /* UIImage+GIF.m */; };
		CBA48A581D2E016F00FCBAAC /* UIImage+MultiFormat.m in Sources */ = {isa = PBXBuildFile; fileRef = CBA48A451D2E016F00FCBAAC /* UIImage+MultiFormat.m */; };
		CBA48A591D2E016F00FCBAAC /* UIImageView+HighlightedWebCache.m in Sources */ = {isa = PBXBuildFile; fileRef = CBA48A471D2E016F00FCBAAC /* UIImageView+HighlightedWebCache.m */; };
		CBA48A5A1D2E016F00FCBAAC /* UIImageView+WebCache.m in Sources */ = {isa = PBXBuildFile; fileRef = CBA48A491D2E016F00FCBAAC /* UIImageView+WebCache.m */; };
		CBA48A5B1D2E016F00FCBAAC /* UIView+WebCacheOperation.m in Sources */ = {isa = PBXBuildFile; fileRef = CBA48A4B1D2E016F00FCBAAC /* UIView+WebCacheOperation.m */; };
		CBDCEF431D2B51D7006C45F0 /* SongsListController.m in Sources */ = {isa = PBXBuildFile; fileRef = CBDCEF421D2B51D7006C45F0 /* SongsListController.m */; };
		CBDCEF451D2B56B2006C45F0 /* UIKit.framework in Frameworks */ = {isa = PBXBuildFile; fileRef = CBDCEF441D2B56B2006C45F0 /* UIKit.framework */; };
/* End PBXBuildFile section */

/* Begin PBXContainerItemProxy section */
		CB1932871D2A9D78000F0916 /* PBXContainerItemProxy */ = {
			isa = PBXContainerItemProxy;
			containerPortal = CB1932651D2A9D78000F0916 /* Project object */;
			proxyType = 1;
			remoteGlobalIDString = CB19326C1D2A9D78000F0916;
			remoteInfo = BaiduMusicDemo;
		};
		CB1932921D2A9D78000F0916 /* PBXContainerItemProxy */ = {
			isa = PBXContainerItemProxy;
			containerPortal = CB1932651D2A9D78000F0916 /* Project object */;
			proxyType = 1;
			remoteGlobalIDString = CB19326C1D2A9D78000F0916;
			remoteInfo = BaiduMusicDemo;
		};
/* End PBXContainerItemProxy section */

/* Begin PBXFileReference section */
		CB19326D1D2A9D78000F0916 /* BaiduMusicDemo.app */ = {isa = PBXFileReference; explicitFileType = wrapper.application; includeInIndex = 0; path = BaiduMusicDemo.app; sourceTree = BUILT_PRODUCTS_DIR; };
		CB1932711D2A9D78000F0916 /* main.m */ = {isa = PBXFileReference; lastKnownFileType = sourcecode.c.objc; path = main.m; sourceTree = "<group>"; };
		CB1932731D2A9D78000F0916 /* AppDelegate.h */ = {isa = PBXFileReference; lastKnownFileType = sourcecode.c.h; path = AppDelegate.h; sourceTree = "<group>"; };
		CB1932741D2A9D78000F0916 /* AppDelegate.m */ = {isa = PBXFileReference; lastKnownFileType = sourcecode.c.objc; path = AppDelegate.m; sourceTree = "<group>"; };
		CB19327C1D2A9D78000F0916 /* Assets.xcassets */ = {isa = PBXFileReference; lastKnownFileType = folder.assetcatalog; path = Assets.xcassets; sourceTree = "<group>"; };
		CB1932811D2A9D78000F0916 /* Info.plist */ = {isa = PBXFileReference; lastKnownFileType = text.plist.xml; path = Info.plist; sourceTree = "<group>"; };
		CB1932861D2A9D78000F0916 /* BaiduMusicDemoTests.xctest */ = {isa = PBXFileReference; explicitFileType = wrapper.cfbundle; includeInIndex = 0; path = BaiduMusicDemoTests.xctest; sourceTree = BUILT_PRODUCTS_DIR; };
		CB19328A1D2A9D78000F0916 /* BaiduMusicDemoTests.m */ = {isa = PBXFileReference; lastKnownFileType = sourcecode.c.objc; path = BaiduMusicDemoTests.m; sourceTree = "<group>"; };
		CB19328C1D2A9D78000F0916 /* Info.plist */ = {isa = PBXFileReference; lastKnownFileType = text.plist.xml; path = Info.plist; sourceTree = "<group>"; };
		CB1932911D2A9D78000F0916 /* BaiduMusicDemoUITests.xctest */ = {isa = PBXFileReference; explicitFileType = wrapper.cfbundle; includeInIndex = 0; path = BaiduMusicDemoUITests.xctest; sourceTree = BUILT_PRODUCTS_DIR; };
		CB1932951D2A9D78000F0916 /* BaiduMusicDemoUITests.m */ = {isa = PBXFileReference; lastKnownFileType = sourcecode.c.objc; path = BaiduMusicDemoUITests.m; sourceTree = "<group>"; };
		CB1932971D2A9D78000F0916 /* Info.plist */ = {isa = PBXFileReference; lastKnownFileType = text.plist.xml; path = Info.plist; sourceTree = "<group>"; };
		CB1C6E9C1D2AA8050090C57B /* libstdc++.6.0.9.tbd */ = {isa = PBXFileReference; lastKnownFileType = "sourcecode.text-based-dylib-definition"; name = "libstdc++.6.0.9.tbd"; path = "usr/lib/libstdc++.6.0.9.tbd"; sourceTree = SDKROOT; };
		CB1C6E9E1D2AA80F0090C57B /* libc++.1.tbd */ = {isa = PBXFileReference; lastKnownFileType = "sourcecode.text-based-dylib-definition"; name = "libc++.1.tbd"; path = "usr/lib/libc++.1.tbd"; sourceTree = SDKROOT; };
		CB1C6EA01D2AA81F0090C57B /* libz.tbd */ = {isa = PBXFileReference; lastKnownFileType = "sourcecode.text-based-dylib-definition"; name = libz.tbd; path = usr/lib/libz.tbd; sourceTree = SDKROOT; };
		CB1C6EA21D2AA8240090C57B /* CoreFoundation.framework */ = {isa = PBXFileReference; lastKnownFileType = wrapper.framework; name = CoreFoundation.framework; path = System/Library/Frameworks/CoreFoundation.framework; sourceTree = SDKROOT; };
		CB1C6EA41D2AA82D0090C57B /* CoreMedia.framework */ = {isa = PBXFileReference; lastKnownFileType = wrapper.framework; name = CoreMedia.framework; path = System/Library/Frameworks/CoreMedia.framework; sourceTree = SDKROOT; };
		CB1C6EA61D2AA8360090C57B /* AudioToolbox.framework */ = {isa = PBXFileReference; lastKnownFileType = wrapper.framework; name = AudioToolbox.framework; path = System/Library/Frameworks/AudioToolbox.framework; sourceTree = SDKROOT; };
		CB1C6EA81D2AA83F0090C57B /* AVFoundation.framework */ = {isa = PBXFileReference; lastKnownFileType = wrapper.framework; name = AVFoundation.framework; path = System/Library/Frameworks/AVFoundation.framework; sourceTree = SDKROOT; };
		CB1C6EAA1D2AA8470090C57B /* MediaPlayer.framework */ = {isa = PBXFileReference; lastKnownFileType = wrapper.framework; name = MediaPlayer.framework; path = System/Library/Frameworks/MediaPlayer.framework; sourceTree = SDKROOT; };
		CB3B63EE1D2F743600A3B64A /* BaseViewController.h */ = {isa = PBXFileReference; fileEncoding = 4; lastKnownFileType = sourcecode.c.h; path = BaseViewController.h; sourceTree = "<group>"; };
		CB3B63EF1D2F743600A3B64A /* BaseViewController.m */ = {isa = PBXFileReference; fileEncoding = 4; lastKnownFileType = sourcecode.c.objc; path = BaseViewController.m; sourceTree = "<group>"; };
		CB3B63F11D2F748A00A3B64A /* Reachability.h */ = {isa = PBXFileReference; fileEncoding = 4; lastKnownFileType = sourcecode.c.h; path = Reachability.h; sourceTree = "<group>"; };
		CB3B63F21D2F748A00A3B64A /* Reachability.m */ = {isa = PBXFileReference; fileEncoding = 4; lastKnownFileType = sourcecode.c.objc; path = Reachability.m; sourceTree = "<group>"; };
		CB41C24E1D2B63A100C8659E /* PrefixHeader.pch */ = {isa = PBXFileReference; lastKnownFileType = sourcecode.c.h; path = PrefixHeader.pch; sourceTree = "<group>"; };
		CB41C24F1D2B968900C8659E /* SongsListController+CreateSongList.h */ = {isa = PBXFileReference; fileEncoding = 4; lastKnownFileType = sourcecode.c.h; path = "SongsListController+CreateSongList.h"; sourceTree = "<group>"; };
		CB41C2501D2B968900C8659E /* SongsListController+CreateSongList.m */ = {isa = PBXFileReference; fileEncoding = 4; lastKnownFileType = sourcecode.c.objc; path = "SongsListController+CreateSongList.m"; sourceTree = "<group>"; };
		CB41C28F1D2CF4A100C8659E /* SystemConfiguration.framework */ = {isa = PBXFileReference; lastKnownFileType = wrapper.framework; name = SystemConfiguration.framework; path = System/Library/Frameworks/SystemConfiguration.framework; sourceTree = SDKROOT; };
		CB41C2911D2CF59800C8659E /* PlayDetailController.h */ = {isa = PBXFileReference; fileEncoding = 4; lastKnownFileType = sourcecode.c.h; path = PlayDetailController.h; sourceTree = "<group>"; };
		CB41C2921D2CF59800C8659E /* PlayDetailController.m */ = {isa = PBXFileReference; fileEncoding = 4; lastKnownFileType = sourcecode.c.objc; path = PlayDetailController.m; sourceTree = "<group>"; };
		CB7A948B1D2F83D1006B93D9 /* APlayerDefs.h */ = {isa = PBXFileReference; fileEncoding = 4; lastKnownFileType = sourcecode.c.h; path = APlayerDefs.h; sourceTree = "<group>"; };
		CB7A948C1D2F83D1006B93D9 /* JSONKeyMapper_Ting.h */ = {isa = PBXFileReference; fileEncoding = 4; lastKnownFileType = sourcecode.c.h; path = JSONKeyMapper_Ting.h; sourceTree = "<group>"; };
		CB7A948D1D2F83D1006B93D9 /* JSONModel_Ting.h */ = {isa = PBXFileReference; fileEncoding = 4; lastKnownFileType = sourcecode.c.h; path = JSONModel_Ting.h; sourceTree = "<group>"; };
		CB7A948E1D2F83D1006B93D9 /* JSONModelArray_Ting.h */ = {isa = PBXFileReference; fileEncoding = 4; lastKnownFileType = sourcecode.c.h; path = JSONModelArray_Ting.h; sourceTree = "<group>"; };
		CB7A948F1D2F83D1006B93D9 /* JSONModelError_Ting.h */ = {isa = PBXFileReference; fileEncoding = 4; lastKnownFileType = sourcecode.c.h; path = JSONModelError_Ting.h; sourceTree = "<group>"; };
		CB7A94901D2F83D1006B93D9 /* JSONValueTransformer_Ting.h */ = {isa = PBXFileReference; fileEncoding = 4; lastKnownFileType = sourcecode.c.h; path = JSONValueTransformer_Ting.h; sourceTree = "<group>"; };
		CB7A94911D2F83D1006B93D9 /* MainRecDefaultModels.h */ = {isa = PBXFileReference; fileEncoding = 4; lastKnownFileType = sourcecode.c.h; path = MainRecDefaultModels.h; sourceTree = "<group>"; };
		CB7A94921D2F83D1006B93D9 /* MusicAPlayer.h */ = {isa = PBXFileReference; fileEncoding = 4; lastKnownFileType = sourcecode.c.h; path = MusicAPlayer.h; sourceTree = "<group>"; };
		CB7A94931D2F83D1006B93D9 /* MusicAPlayerDefs.h */ = {isa = PBXFileReference; fileEncoding = 4; lastKnownFileType = sourcecode.c.h; path = MusicAPlayerDefs.h; sourceTree = "<group>"; };
		CB7A94941D2F83D1006B93D9 /* MusicAPlayerDelegate.h */ = {isa = PBXFileReference; fileEncoding = 4; lastKnownFileType = sourcecode.c.h; path = MusicAPlayerDelegate.h; sourceTree = "<group>"; };
		CB7A94951D2F83D1006B93D9 /* PlayItem.h */ = {isa = PBXFileReference; fileEncoding = 4; lastKnownFileType = sourcecode.c.h; path = PlayItem.h; sourceTree = "<group>"; };
		CB7A94961D2F83D1006B93D9 /* PlayStrategy.h */ = {isa = PBXFileReference; fileEncoding = 4; lastKnownFileType = sourcecode.c.h; path = PlayStrategy.h; sourceTree = "<group>"; };
		CB7A94971D2F83D1006B93D9 /* SceneBaseModel.h */ = {isa = PBXFileReference; fileEncoding = 4; lastKnownFileType = sourcecode.c.h; path = SceneBaseModel.h; sourceTree = "<group>"; };
		CB7A94981D2F83D1006B93D9 /* SearchModels.h */ = {isa = PBXFileReference; fileEncoding = 4; lastKnownFileType = sourcecode.c.h; path = SearchModels.h; sourceTree = "<group>"; };
		CB7A94991D2F83D1006B93D9 /* TingApiDataRequest.h */ = {isa = PBXFileReference; fileEncoding = 4; lastKnownFileType = sourcecode.c.h; path = TingApiDataRequest.h; sourceTree = "<group>"; };
		CB7A949A1D2F83D1006B93D9 /* TingApiDefine.h */ = {isa = PBXFileReference; fileEncoding = 4; lastKnownFileType = sourcecode.c.h; path = TingApiDefine.h; sourceTree = "<group>"; };
		CB7A949B1D2F83D1006B93D9 /* TingSDKGlobalUtility.h */ = {isa = PBXFileReference; fileEncoding = 4; lastKnownFileType = sourcecode.c.h; path = TingSDKGlobalUtility.h; sourceTree = "<group>"; };
		CB7A949C1D2F83D1006B93D9 /* TingSDKManager.h */ = {isa = PBXFileReference; fileEncoding = 4; lastKnownFileType = sourcecode.c.h; path = TingSDKManager.h; sourceTree = "<group>"; };
		CB7A949D1D2F83D1006B93D9 /* TingSDKPathManager.h */ = {isa = PBXFileReference; fileEncoding = 4; lastKnownFileType = sourcecode.c.h; path = TingSDKPathManager.h; sourceTree = "<group>"; };
		CB7A949E1D2F83D1006B93D9 /* libTingSDK.a */ = {isa = PBXFileReference; lastKnownFileType = archive.ar; path = libTingSDK.a; sourceTree = "<group>"; };
		CB7A94A01D2F83D1006B93D9 /* ic_close.png */ = {isa = PBXFileReference; lastKnownFileType = image.png; path = ic_close.png; sourceTree = "<group>"; };
		CBA48A031D2DE84E00FCBAAC /* LICENSE */ = {isa = PBXFileReference; fileEncoding = 4; lastKnownFileType = text; path = LICENSE; sourceTree = "<group>"; };
		CBA48A051D2DE84E00FCBAAC /* MASCompositeConstraint.h */ = {isa = PBXFileReference; fileEncoding = 4; lastKnownFileType = sourcecode.c.h; path = MASCompositeConstraint.h; sourceTree = "<group>"; };
		CBA48A061D2DE84E00FCBAAC /* MASCompositeConstraint.m */ = {isa = PBXFileReference; fileEncoding = 4; lastKnownFileType = sourcecode.c.objc; path = MASCompositeConstraint.m; sourceTree = "<group>"; };
		CBA48A071D2DE84E00FCBAAC /* MASConstraint+Private.h */ = {isa = PBXFileReference; fileEncoding = 4; lastKnownFileType = sourcecode.c.h; path = "MASConstraint+Private.h"; sourceTree = "<group>"; };
		CBA48A081D2DE84E00FCBAAC /* MASConstraint.h */ = {isa = PBXFileReference; fileEncoding = 4; lastKnownFileType = sourcecode.c.h; path = MASConstraint.h; sourceTree = "<group>"; };
		CBA48A091D2DE84E00FCBAAC /* MASConstraint.m */ = {isa = PBXFileReference; fileEncoding = 4; lastKnownFileType = sourcecode.c.objc; path = MASConstraint.m; sourceTree = "<group>"; };
		CBA48A0A1D2DE84E00FCBAAC /* MASConstraintMaker.h */ = {isa = PBXFileReference; fileEncoding = 4; lastKnownFileType = sourcecode.c.h; path = MASConstraintMaker.h; sourceTree = "<group>"; };
		CBA48A0B1D2DE84E00FCBAAC /* MASConstraintMaker.m */ = {isa = PBXFileReference; fileEncoding = 4; lastKnownFileType = sourcecode.c.objc; path = MASConstraintMaker.m; sourceTree = "<group>"; };
		CBA48A0C1D2DE84E00FCBAAC /* MASLayoutConstraint.h */ = {isa = PBXFileReference; fileEncoding = 4; lastKnownFileType = sourcecode.c.h; path = MASLayoutConstraint.h; sourceTree = "<group>"; };
		CBA48A0D1D2DE84E00FCBAAC /* MASLayoutConstraint.m */ = {isa = PBXFileReference; fileEncoding = 4; lastKnownFileType = sourcecode.c.objc; path = MASLayoutConstraint.m; sourceTree = "<group>"; };
		CBA48A0E1D2DE84E00FCBAAC /* Masonry.h */ = {isa = PBXFileReference; fileEncoding = 4; lastKnownFileType = sourcecode.c.h; path = Masonry.h; sourceTree = "<group>"; };
		CBA48A0F1D2DE84E00FCBAAC /* MASUtilities.h */ = {isa = PBXFileReference; fileEncoding = 4; lastKnownFileType = sourcecode.c.h; path = MASUtilities.h; sourceTree = "<group>"; };
		CBA48A101D2DE84E00FCBAAC /* MASViewAttribute.h */ = {isa = PBXFileReference; fileEncoding = 4; lastKnownFileType = sourcecode.c.h; path = MASViewAttribute.h; sourceTree = "<group>"; };
		CBA48A111D2DE84E00FCBAAC /* MASViewAttribute.m */ = {isa = PBXFileReference; fileEncoding = 4; lastKnownFileType = sourcecode.c.objc; path = MASViewAttribute.m; sourceTree = "<group>"; };
		CBA48A121D2DE84E00FCBAAC /* MASViewConstraint.h */ = {isa = PBXFileReference; fileEncoding = 4; lastKnownFileType = sourcecode.c.h; path = MASViewConstraint.h; sourceTree = "<group>"; };
		CBA48A131D2DE84E00FCBAAC /* MASViewConstraint.m */ = {isa = PBXFileReference; fileEncoding = 4; lastKnownFileType = sourcecode.c.objc; path = MASViewConstraint.m; sourceTree = "<group>"; };
		CBA48A141D2DE84E00FCBAAC /* NSArray+MASAdditions.h */ = {isa = PBXFileReference; fileEncoding = 4; lastKnownFileType = sourcecode.c.h; path = "NSArray+MASAdditions.h"; sourceTree = "<group>"; };
		CBA48A151D2DE84E00FCBAAC /* NSArray+MASAdditions.m */ = {isa = PBXFileReference; fileEncoding = 4; lastKnownFileType = sourcecode.c.objc; path = "NSArray+MASAdditions.m"; sourceTree = "<group>"; };
		CBA48A161D2DE84E00FCBAAC /* NSArray+MASShorthandAdditions.h */ = {isa = PBXFileReference; fileEncoding = 4; lastKnownFileType = sourcecode.c.h; path = "NSArray+MASShorthandAdditions.h"; sourceTree = "<group>"; };
		CBA48A171D2DE84E00FCBAAC /* NSLayoutConstraint+MASDebugAdditions.h */ = {isa = PBXFileReference; fileEncoding = 4; lastKnownFileType = sourcecode.c.h; path = "NSLayoutConstraint+MASDebugAdditions.h"; sourceTree = "<group>"; };
		CBA48A181D2DE84E00FCBAAC /* NSLayoutConstraint+MASDebugAdditions.m */ = {isa = PBXFileReference; fileEncoding = 4; lastKnownFileType = sourcecode.c.objc; path = "NSLayoutConstraint+MASDebugAdditions.m"; sourceTree = "<group>"; };
		CBA48A191D2DE84E00FCBAAC /* View+MASAdditions.h */ = {isa = PBXFileReference; fileEncoding = 4; lastKnownFileType = sourcecode.c.h; path = "View+MASAdditions.h"; sourceTree = "<group>"; };
		CBA48A1A1D2DE84E00FCBAAC /* View+MASAdditions.m */ = {isa = PBXFileReference; fileEncoding = 4; lastKnownFileType = sourcecode.c.objc; path = "View+MASAdditions.m"; sourceTree = "<group>"; };
		CBA48A1B1D2DE84E00FCBAAC /* View+MASShorthandAdditions.h */ = {isa = PBXFileReference; fileEncoding = 4; lastKnownFileType = sourcecode.c.h; path = "View+MASShorthandAdditions.h"; sourceTree = "<group>"; };
		CBA48A1C1D2DE84E00FCBAAC /* ViewController+MASAdditions.h */ = {isa = PBXFileReference; fileEncoding = 4; lastKnownFileType = sourcecode.c.h; path = "ViewController+MASAdditions.h"; sourceTree = "<group>"; };
		CBA48A1D1D2DE84E00FCBAAC /* ViewController+MASAdditions.m */ = {isa = PBXFileReference; fileEncoding = 4; lastKnownFileType = sourcecode.c.objc; path = "ViewController+MASAdditions.m"; sourceTree = "<group>"; };
		CBA48A1E1D2DE84E00FCBAAC /* README.md */ = {isa = PBXFileReference; fileEncoding = 4; lastKnownFileType = net.daringfireball.markdown; path = README.md; sourceTree = "<group>"; };
		CBA48A2C1D2E016F00FCBAAC /* LICENSE */ = {isa = PBXFileReference; fileEncoding = 4; lastKnownFileType = text; path = LICENSE; sourceTree = "<group>"; };
		CBA48A2D1D2E016F00FCBAAC /* README.md */ = {isa = PBXFileReference; fileEncoding = 4; lastKnownFileType = net.daringfireball.markdown; path = README.md; sourceTree = "<group>"; };
		CBA48A2F1D2E016F00FCBAAC /* NSData+ImageContentType.h */ = {isa = PBXFileReference; fileEncoding = 4; lastKnownFileType = sourcecode.c.h; path = "NSData+ImageContentType.h"; sourceTree = "<group>"; };
		CBA48A301D2E016F00FCBAAC /* NSData+ImageContentType.m */ = {isa = PBXFileReference; fileEncoding = 4; lastKnownFileType = sourcecode.c.objc; path = "NSData+ImageContentType.m"; sourceTree = "<group>"; };
		CBA48A311D2E016F00FCBAAC /* SDImageCache.h */ = {isa = PBXFileReference; fileEncoding = 4; lastKnownFileType = sourcecode.c.h; path = SDImageCache.h; sourceTree = "<group>"; };
		CBA48A321D2E016F00FCBAAC /* SDImageCache.m */ = {isa = PBXFileReference; fileEncoding = 4; lastKnownFileType = sourcecode.c.objc; path = SDImageCache.m; sourceTree = "<group>"; };
		CBA48A331D2E016F00FCBAAC /* SDWebImageCompat.h */ = {isa = PBXFileReference; fileEncoding = 4; lastKnownFileType = sourcecode.c.h; path = SDWebImageCompat.h; sourceTree = "<group>"; };
		CBA48A341D2E016F00FCBAAC /* SDWebImageCompat.m */ = {isa = PBXFileReference; fileEncoding = 4; lastKnownFileType = sourcecode.c.objc; path = SDWebImageCompat.m; sourceTree = "<group>"; };
		CBA48A351D2E016F00FCBAAC /* SDWebImageDecoder.h */ = {isa = PBXFileReference; fileEncoding = 4; lastKnownFileType = sourcecode.c.h; path = SDWebImageDecoder.h; sourceTree = "<group>"; };
		CBA48A361D2E016F00FCBAAC /* SDWebImageDecoder.m */ = {isa = PBXFileReference; fileEncoding = 4; lastKnownFileType = sourcecode.c.objc; path = SDWebImageDecoder.m; sourceTree = "<group>"; };
		CBA48A371D2E016F00FCBAAC /* SDWebImageDownloader.h */ = {isa = PBXFileReference; fileEncoding = 4; lastKnownFileType = sourcecode.c.h; path = SDWebImageDownloader.h; sourceTree = "<group>"; };
		CBA48A381D2E016F00FCBAAC /* SDWebImageDownloader.m */ = {isa = PBXFileReference; fileEncoding = 4; lastKnownFileType = sourcecode.c.objc; path = SDWebImageDownloader.m; sourceTree = "<group>"; };
		CBA48A391D2E016F00FCBAAC /* SDWebImageDownloaderOperation.h */ = {isa = PBXFileReference; fileEncoding = 4; lastKnownFileType = sourcecode.c.h; path = SDWebImageDownloaderOperation.h; sourceTree = "<group>"; };
		CBA48A3A1D2E016F00FCBAAC /* SDWebImageDownloaderOperation.m */ = {isa = PBXFileReference; fileEncoding = 4; lastKnownFileType = sourcecode.c.objc; path = SDWebImageDownloaderOperation.m; sourceTree = "<group>"; };
		CBA48A3B1D2E016F00FCBAAC /* SDWebImageManager.h */ = {isa = PBXFileReference; fileEncoding = 4; lastKnownFileType = sourcecode.c.h; path = SDWebImageManager.h; sourceTree = "<group>"; };
		CBA48A3C1D2E016F00FCBAAC /* SDWebImageManager.m */ = {isa = PBXFileReference; fileEncoding = 4; lastKnownFileType = sourcecode.c.objc; path = SDWebImageManager.m; sourceTree = "<group>"; };
		CBA48A3D1D2E016F00FCBAAC /* SDWebImageOperation.h */ = {isa = PBXFileReference; fileEncoding = 4; lastKnownFileType = sourcecode.c.h; path = SDWebImageOperation.h; sourceTree = "<group>"; };
		CBA48A3E1D2E016F00FCBAAC /* SDWebImagePrefetcher.h */ = {isa = PBXFileReference; fileEncoding = 4; lastKnownFileType = sourcecode.c.h; path = SDWebImagePrefetcher.h; sourceTree = "<group>"; };
		CBA48A3F1D2E016F00FCBAAC /* SDWebImagePrefetcher.m */ = {isa = PBXFileReference; fileEncoding = 4; lastKnownFileType = sourcecode.c.objc; path = SDWebImagePrefetcher.m; sourceTree = "<group>"; };
		CBA48A401D2E016F00FCBAAC /* UIButton+WebCache.h */ = {isa = PBXFileReference; fileEncoding = 4; lastKnownFileType = sourcecode.c.h; path = "UIButton+WebCache.h"; sourceTree = "<group>"; };
		CBA48A411D2E016F00FCBAAC /* UIButton+WebCache.m */ = {isa = PBXFileReference; fileEncoding = 4; lastKnownFileType = sourcecode.c.objc; path = "UIButton+WebCache.m"; sourceTree = "<group>"; };
		CBA48A421D2E016F00FCBAAC /* UIImage+GIF.h */ = {isa = PBXFileReference; fileEncoding = 4; lastKnownFileType = sourcecode.c.h; path = "UIImage+GIF.h"; sourceTree = "<group>"; };
		CBA48A431D2E016F00FCBAAC /* UIImage+GIF.m */ = {isa = PBXFileReference; fileEncoding = 4; lastKnownFileType = sourcecode.c.objc; path = "UIImage+GIF.m"; sourceTree = "<group>"; };
		CBA48A441D2E016F00FCBAAC /* UIImage+MultiFormat.h */ = {isa = PBXFileReference; fileEncoding = 4; lastKnownFileType = sourcecode.c.h; path = "UIImage+MultiFormat.h"; sourceTree = "<group>"; };
		CBA48A451D2E016F00FCBAAC /* UIImage+MultiFormat.m */ = {isa = PBXFileReference; fileEncoding = 4; lastKnownFileType = sourcecode.c.objc; path = "UIImage+MultiFormat.m"; sourceTree = "<group>"; };
		CBA48A461D2E016F00FCBAAC /* UIImageView+HighlightedWebCache.h */ = {isa = PBXFileReference; fileEncoding = 4; lastKnownFileType = sourcecode.c.h; path = "UIImageView+HighlightedWebCache.h"; sourceTree = "<group>"; };
		CBA48A471D2E016F00FCBAAC /* UIImageView+HighlightedWebCache.m */ = {isa = PBXFileReference; fileEncoding = 4; lastKnownFileType = sourcecode.c.objc; path = "UIImageView+HighlightedWebCache.m"; sourceTree = "<group>"; };
		CBA48A481D2E016F00FCBAAC /* UIImageView+WebCache.h */ = {isa = PBXFileReference; fileEncoding = 4; lastKnownFileType = sourcecode.c.h; path = "UIImageView+WebCache.h"; sourceTree = "<group>"; };
		CBA48A491D2E016F00FCBAAC /* UIImageView+WebCache.m */ = {isa = PBXFileReference; fileEncoding = 4; lastKnownFileType = sourcecode.c.objc; path = "UIImageView+WebCache.m"; sourceTree = "<group>"; };
		CBA48A4A1D2E016F00FCBAAC /* UIView+WebCacheOperation.h */ = {isa = PBXFileReference; fileEncoding = 4; lastKnownFileType = sourcecode.c.h; path = "UIView+WebCacheOperation.h"; sourceTree = "<group>"; };
		CBA48A4B1D2E016F00FCBAAC /* UIView+WebCacheOperation.m */ = {isa = PBXFileReference; fileEncoding = 4; lastKnownFileType = sourcecode.c.objc; path = "UIView+WebCacheOperation.m"; sourceTree = "<group>"; };
		CBDCEF411D2B51D7006C45F0 /* SongsListController.h */ = {isa = PBXFileReference; fileEncoding = 4; lastKnownFileType = sourcecode.c.h; path = SongsListController.h; sourceTree = "<group>"; };
		CBDCEF421D2B51D7006C45F0 /* SongsListController.m */ = {isa = PBXFileReference; fileEncoding = 4; lastKnownFileType = sourcecode.c.objc; path = SongsListController.m; sourceTree = "<group>"; };
		CBDCEF441D2B56B2006C45F0 /* UIKit.framework */ = {isa = PBXFileReference; lastKnownFileType = wrapper.framework; name = UIKit.framework; path = System/Library/Frameworks/UIKit.framework; sourceTree = SDKROOT; };
/* End PBXFileReference section */

/* Begin PBXFrameworksBuildPhase section */
		CB19326A1D2A9D78000F0916 /* Frameworks */ = {
			isa = PBXFrameworksBuildPhase;
			buildActionMask = 2147483647;
			files = (
				CB7A94A11D2F83D1006B93D9 /* libTingSDK.a in Frameworks */,
				CB41C2901D2CF4A100C8659E /* SystemConfiguration.framework in Frameworks */,
				CBDCEF451D2B56B2006C45F0 /* UIKit.framework in Frameworks */,
				CB1C6EAB1D2AA8470090C57B /* MediaPlayer.framework in Frameworks */,
				CB1C6EA91D2AA83F0090C57B /* AVFoundation.framework in Frameworks */,
				CB1C6EA71D2AA8360090C57B /* AudioToolbox.framework in Frameworks */,
				CB1C6EA51D2AA82D0090C57B /* CoreMedia.framework in Frameworks */,
				CB1C6EA31D2AA8240090C57B /* CoreFoundation.framework in Frameworks */,
				CB1C6EA11D2AA81F0090C57B /* libz.tbd in Frameworks */,
				CB1C6E9F1D2AA80F0090C57B /* libc++.1.tbd in Frameworks */,
				CB1C6E9D1D2AA8050090C57B /* libstdc++.6.0.9.tbd in Frameworks */,
			);
			runOnlyForDeploymentPostprocessing = 0;
		};
		CB1932831D2A9D78000F0916 /* Frameworks */ = {
			isa = PBXFrameworksBuildPhase;
			buildActionMask = 2147483647;
			files = (
			);
			runOnlyForDeploymentPostprocessing = 0;
		};
		CB19328E1D2A9D78000F0916 /* Frameworks */ = {
			isa = PBXFrameworksBuildPhase;
			buildActionMask = 2147483647;
			files = (
			);
			runOnlyForDeploymentPostprocessing = 0;
		};
/* End PBXFrameworksBuildPhase section */

/* Begin PBXGroup section */
		CB1932641D2A9D78000F0916 = {
			isa = PBXGroup;
			children = (
				CB1C6EAC1D2AA8510090C57B /* Framework */,
				CB19326F1D2A9D78000F0916 /* BaiduMusicDemo */,
				CB1932891D2A9D78000F0916 /* BaiduMusicDemoTests */,
				CB1932941D2A9D78000F0916 /* BaiduMusicDemoUITests */,
				CB19326E1D2A9D78000F0916 /* Products */,
			);
			sourceTree = "<group>";
		};
		CB19326E1D2A9D78000F0916 /* Products */ = {
			isa = PBXGroup;
			children = (
				CB19326D1D2A9D78000F0916 /* BaiduMusicDemo.app */,
				CB1932861D2A9D78000F0916 /* BaiduMusicDemoTests.xctest */,
				CB1932911D2A9D78000F0916 /* BaiduMusicDemoUITests.xctest */,
			);
			name = Products;
			sourceTree = "<group>";
		};
		CB19326F1D2A9D78000F0916 /* BaiduMusicDemo */ = {
			isa = PBXGroup;
			children = (
				CB3B63EE1D2F743600A3B64A /* BaseViewController.h */,
				CB3B63EF1D2F743600A3B64A /* BaseViewController.m */,
				CB1932731D2A9D78000F0916 /* AppDelegate.h */,
				CB1932741D2A9D78000F0916 /* AppDelegate.m */,
				CB3B63EC1D2F4C0600A3B64A /* PlayDetail */,
				CB3B63EB1D2F4BFA00A3B64A /* SongList */,
				CB3B63EA1D2F4BCA00A3B64A /* TirdPart */,
				CB19327C1D2A9D78000F0916 /* Assets.xcassets */,
				CB1932811D2A9D78000F0916 /* Info.plist */,
				CB1932701D2A9D78000F0916 /* Supporting Files */,
			);
			path = BaiduMusicDemo;
			sourceTree = "<group>";
		};
		CB1932701D2A9D78000F0916 /* Supporting Files */ = {
			isa = PBXGroup;
			children = (
				CB1932711D2A9D78000F0916 /* main.m */,
				CB41C24E1D2B63A100C8659E /* PrefixHeader.pch */,
			);
			name = "Supporting Files";
			sourceTree = "<group>";
		};
		CB1932891D2A9D78000F0916 /* BaiduMusicDemoTests */ = {
			isa = PBXGroup;
			children = (
				CB19328A1D2A9D78000F0916 /* BaiduMusicDemoTests.m */,
				CB19328C1D2A9D78000F0916 /* Info.plist */,
			);
			path = BaiduMusicDemoTests;
			sourceTree = "<group>";
		};
		CB1932941D2A9D78000F0916 /* BaiduMusicDemoUITests */ = {
			isa = PBXGroup;
			children = (
				CB1932951D2A9D78000F0916 /* BaiduMusicDemoUITests.m */,
				CB1932971D2A9D78000F0916 /* Info.plist */,
			);
			path = BaiduMusicDemoUITests;
			sourceTree = "<group>";
		};
		CB1C6EAC1D2AA8510090C57B /* Framework */ = {
			isa = PBXGroup;
			children = (
				CB41C28F1D2CF4A100C8659E /* SystemConfiguration.framework */,
				CBDCEF441D2B56B2006C45F0 /* UIKit.framework */,
				CB1C6EAA1D2AA8470090C57B /* MediaPlayer.framework */,
				CB1C6EA61D2AA8360090C57B /* AudioToolbox.framework */,
				CB1C6EA41D2AA82D0090C57B /* CoreMedia.framework */,
				CB1C6EA21D2AA8240090C57B /* CoreFoundation.framework */,
				CB1C6EA01D2AA81F0090C57B /* libz.tbd */,
				CB1C6E9E1D2AA80F0090C57B /* libc++.1.tbd */,
				CB1C6E9C1D2AA8050090C57B /* libstdc++.6.0.9.tbd */,
				CB1C6EA81D2AA83F0090C57B /* AVFoundation.framework */,
			);
			name = Framework;
			sourceTree = "<group>";
		};
		CB3B63EA1D2F4BCA00A3B64A /* TirdPart */ = {
			isa = PBXGroup;
			children = (
				CB7A94891D2F83D1006B93D9 /* TingSDK */,
				CB3B63F11D2F748A00A3B64A /* Reachability.h */,
				CB3B63F21D2F748A00A3B64A /* Reachability.m */,
				CBA48A2B1D2E016F00FCBAAC /* SDWebImage */,
				CBA48A021D2DE84E00FCBAAC /* Masonry */,
			);
			name = TirdPart;
			sourceTree = "<group>";
		};
		CB3B63EB1D2F4BFA00A3B64A /* SongList */ = {
			isa = PBXGroup;
			children = (
				CB3B63ED1D2F4C1000A3B64A /* Controller */,
			);
			name = SongList;
			sourceTree = "<group>";
		};
		CB3B63EC1D2F4C0600A3B64A /* PlayDetail */ = {
			isa = PBXGroup;
			children = (
				CB41C2911D2CF59800C8659E /* PlayDetailController.h */,
				CB41C2921D2CF59800C8659E /* PlayDetailController.m */,
			);
			name = PlayDetail;
			sourceTree = "<group>";
		};
		CB3B63ED1D2F4C1000A3B64A /* Controller */ = {
			isa = PBXGroup;
			children = (
				CBDCEF411D2B51D7006C45F0 /* SongsListController.h */,
				CBDCEF421D2B51D7006C45F0 /* SongsListController.m */,
				CB41C24F1D2B968900C8659E /* SongsListController+CreateSongList.h */,
				CB41C2501D2B968900C8659E /* SongsListController+CreateSongList.m */,
			);
			name = Controller;
			sourceTree = "<group>";
		};
		CB7A94891D2F83D1006B93D9 /* TingSDK */ = {
			isa = PBXGroup;
			children = (
				CB7A948A1D2F83D1006B93D9 /* include */,
				CB7A949E1D2F83D1006B93D9 /* libTingSDK.a */,
				CB7A949F1D2F83D1006B93D9 /* Resources */,
			);
			path = TingSDK;
			sourceTree = "<group>";
		};
		CB7A948A1D2F83D1006B93D9 /* include */ = {
			isa = PBXGroup;
			children = (
				CB7A948B1D2F83D1006B93D9 /* APlayerDefs.h */,
				CB7A948C1D2F83D1006B93D9 /* JSONKeyMapper_Ting.h */,
				CB7A948D1D2F83D1006B93D9 /* JSONModel_Ting.h */,
				CB7A948E1D2F83D1006B93D9 /* JSONModelArray_Ting.h */,
				CB7A948F1D2F83D1006B93D9 /* JSONModelError_Ting.h */,
				CB7A94901D2F83D1006B93D9 /* JSONValueTransformer_Ting.h */,
				CB7A94911D2F83D1006B93D9 /* MainRecDefaultModels.h */,
				CB7A94921D2F83D1006B93D9 /* MusicAPlayer.h */,
				CB7A94931D2F83D1006B93D9 /* MusicAPlayerDefs.h */,
				CB7A94941D2F83D1006B93D9 /* MusicAPlayerDelegate.h */,
				CB7A94951D2F83D1006B93D9 /* PlayItem.h */,
				CB7A94961D2F83D1006B93D9 /* PlayStrategy.h */,
				CB7A94971D2F83D1006B93D9 /* SceneBaseModel.h */,
				CB7A94981D2F83D1006B93D9 /* SearchModels.h */,
				CB7A94991D2F83D1006B93D9 /* TingApiDataRequest.h */,
				CB7A949A1D2F83D1006B93D9 /* TingApiDefine.h */,
				CB7A949B1D2F83D1006B93D9 /* TingSDKGlobalUtility.h */,
				CB7A949C1D2F83D1006B93D9 /* TingSDKManager.h */,
				CB7A949D1D2F83D1006B93D9 /* TingSDKPathManager.h */,
			);
			path = include;
			sourceTree = "<group>";
		};
		CB7A949F1D2F83D1006B93D9 /* Resources */ = {
			isa = PBXGroup;
			children = (
				CB7A94A01D2F83D1006B93D9 /* ic_close.png */,
			);
			path = Resources;
			sourceTree = "<group>";
		};
		CBA48A021D2DE84E00FCBAAC /* Masonry */ = {
			isa = PBXGroup;
			children = (
				CBA48A031D2DE84E00FCBAAC /* LICENSE */,
				CBA48A041D2DE84E00FCBAAC /* Masonry */,
				CBA48A1E1D2DE84E00FCBAAC /* README.md */,
			);
			path = Masonry;
			sourceTree = "<group>";
		};
		CBA48A041D2DE84E00FCBAAC /* Masonry */ = {
			isa = PBXGroup;
			children = (
				CBA48A051D2DE84E00FCBAAC /* MASCompositeConstraint.h */,
				CBA48A061D2DE84E00FCBAAC /* MASCompositeConstraint.m */,
				CBA48A071D2DE84E00FCBAAC /* MASConstraint+Private.h */,
				CBA48A081D2DE84E00FCBAAC /* MASConstraint.h */,
				CBA48A091D2DE84E00FCBAAC /* MASConstraint.m */,
				CBA48A0A1D2DE84E00FCBAAC /* MASConstraintMaker.h */,
				CBA48A0B1D2DE84E00FCBAAC /* MASConstraintMaker.m */,
				CBA48A0C1D2DE84E00FCBAAC /* MASLayoutConstraint.h */,
				CBA48A0D1D2DE84E00FCBAAC /* MASLayoutConstraint.m */,
				CBA48A0E1D2DE84E00FCBAAC /* Masonry.h */,
				CBA48A0F1D2DE84E00FCBAAC /* MASUtilities.h */,
				CBA48A101D2DE84E00FCBAAC /* MASViewAttribute.h */,
				CBA48A111D2DE84E00FCBAAC /* MASViewAttribute.m */,
				CBA48A121D2DE84E00FCBAAC /* MASViewConstraint.h */,
				CBA48A131D2DE84E00FCBAAC /* MASViewConstraint.m */,
				CBA48A141D2DE84E00FCBAAC /* NSArray+MASAdditions.h */,
				CBA48A151D2DE84E00FCBAAC /* NSArray+MASAdditions.m */,
				CBA48A161D2DE84E00FCBAAC /* NSArray+MASShorthandAdditions.h */,
				CBA48A171D2DE84E00FCBAAC /* NSLayoutConstraint+MASDebugAdditions.h */,
				CBA48A181D2DE84E00FCBAAC /* NSLayoutConstraint+MASDebugAdditions.m */,
				CBA48A191D2DE84E00FCBAAC /* View+MASAdditions.h */,
				CBA48A1A1D2DE84E00FCBAAC /* View+MASAdditions.m */,
				CBA48A1B1D2DE84E00FCBAAC /* View+MASShorthandAdditions.h */,
				CBA48A1C1D2DE84E00FCBAAC /* ViewController+MASAdditions.h */,
				CBA48A1D1D2DE84E00FCBAAC /* ViewController+MASAdditions.m */,
			);
			path = Masonry;
			sourceTree = "<group>";
		};
		CBA48A2B1D2E016F00FCBAAC /* SDWebImage */ = {
			isa = PBXGroup;
			children = (
				CBA48A2C1D2E016F00FCBAAC /* LICENSE */,
				CBA48A2D1D2E016F00FCBAAC /* README.md */,
				CBA48A2E1D2E016F00FCBAAC /* SDWebImage */,
			);
			path = SDWebImage;
			sourceTree = "<group>";
		};
		CBA48A2E1D2E016F00FCBAAC /* SDWebImage */ = {
			isa = PBXGroup;
			children = (
				CBA48A2F1D2E016F00FCBAAC /* NSData+ImageContentType.h */,
				CBA48A301D2E016F00FCBAAC /* NSData+ImageContentType.m */,
				CBA48A311D2E016F00FCBAAC /* SDImageCache.h */,
				CBA48A321D2E016F00FCBAAC /* SDImageCache.m */,
				CBA48A331D2E016F00FCBAAC /* SDWebImageCompat.h */,
				CBA48A341D2E016F00FCBAAC /* SDWebImageCompat.m */,
				CBA48A351D2E016F00FCBAAC /* SDWebImageDecoder.h */,
				CBA48A361D2E016F00FCBAAC /* SDWebImageDecoder.m */,
				CBA48A371D2E016F00FCBAAC /* SDWebImageDownloader.h */,
				CBA48A381D2E016F00FCBAAC /* SDWebImageDownloader.m */,
				CBA48A391D2E016F00FCBAAC /* SDWebImageDownloaderOperation.h */,
				CBA48A3A1D2E016F00FCBAAC /* SDWebImageDownloaderOperation.m */,
				CBA48A3B1D2E016F00FCBAAC /* SDWebImageManager.h */,
				CBA48A3C1D2E016F00FCBAAC /* SDWebImageManager.m */,
				CBA48A3D1D2E016F00FCBAAC /* SDWebImageOperation.h */,
				CBA48A3E1D2E016F00FCBAAC /* SDWebImagePrefetcher.h */,
				CBA48A3F1D2E016F00FCBAAC /* SDWebImagePrefetcher.m */,
				CBA48A401D2E016F00FCBAAC /* UIButton+WebCache.h */,
				CBA48A411D2E016F00FCBAAC /* UIButton+WebCache.m */,
				CBA48A421D2E016F00FCBAAC /* UIImage+GIF.h */,
				CBA48A431D2E016F00FCBAAC /* UIImage+GIF.m */,
				CBA48A441D2E016F00FCBAAC /* UIImage+MultiFormat.h */,
				CBA48A451D2E016F00FCBAAC /* UIImage+MultiFormat.m */,
				CBA48A461D2E016F00FCBAAC /* UIImageView+HighlightedWebCache.h */,
				CBA48A471D2E016F00FCBAAC /* UIImageView+HighlightedWebCache.m */,
				CBA48A481D2E016F00FCBAAC /* UIImageView+WebCache.h */,
				CBA48A491D2E016F00FCBAAC /* UIImageView+WebCache.m */,
				CBA48A4A1D2E016F00FCBAAC /* UIView+WebCacheOperation.h */,
				CBA48A4B1D2E016F00FCBAAC /* UIView+WebCacheOperation.m */,
			);
			path = SDWebImage;
			sourceTree = "<group>";
		};
/* End PBXGroup section */

/* Begin PBXNativeTarget section */
		CB19326C1D2A9D78000F0916 /* BaiduMusicDemo */ = {
			isa = PBXNativeTarget;
			buildConfigurationList = CB19329A1D2A9D78000F0916 /* Build configuration list for PBXNativeTarget "BaiduMusicDemo" */;
			buildPhases = (
				CB1932691D2A9D78000F0916 /* Sources */,
				CB19326A1D2A9D78000F0916 /* Frameworks */,
				CB19326B1D2A9D78000F0916 /* Resources */,
			);
			buildRules = (
			);
			dependencies = (
			);
			name = BaiduMusicDemo;
			productName = BaiduMusicDemo;
			productReference = CB19326D1D2A9D78000F0916 /* BaiduMusicDemo.app */;
			productType = "com.apple.product-type.application";
		};
		CB1932851D2A9D78000F0916 /* BaiduMusicDemoTests */ = {
			isa = PBXNativeTarget;
			buildConfigurationList = CB19329D1D2A9D78000F0916 /* Build configuration list for PBXNativeTarget "BaiduMusicDemoTests" */;
			buildPhases = (
				CB1932821D2A9D78000F0916 /* Sources */,
				CB1932831D2A9D78000F0916 /* Frameworks */,
				CB1932841D2A9D78000F0916 /* Resources */,
			);
			buildRules = (
			);
			dependencies = (
				CB1932881D2A9D78000F0916 /* PBXTargetDependency */,
			);
			name = BaiduMusicDemoTests;
			productName = BaiduMusicDemoTests;
			productReference = CB1932861D2A9D78000F0916 /* BaiduMusicDemoTests.xctest */;
			productType = "com.apple.product-type.bundle.unit-test";
		};
		CB1932901D2A9D78000F0916 /* BaiduMusicDemoUITests */ = {
			isa = PBXNativeTarget;
			buildConfigurationList = CB1932A01D2A9D78000F0916 /* Build configuration list for PBXNativeTarget "BaiduMusicDemoUITests" */;
			buildPhases = (
				CB19328D1D2A9D78000F0916 /* Sources */,
				CB19328E1D2A9D78000F0916 /* Frameworks */,
				CB19328F1D2A9D78000F0916 /* Resources */,
			);
			buildRules = (
			);
			dependencies = (
				CB1932931D2A9D78000F0916 /* PBXTargetDependency */,
			);
			name = BaiduMusicDemoUITests;
			productName = BaiduMusicDemoUITests;
			productReference = CB1932911D2A9D78000F0916 /* BaiduMusicDemoUITests.xctest */;
			productType = "com.apple.product-type.bundle.ui-testing";
		};
/* End PBXNativeTarget section */

/* Begin PBXProject section */
		CB1932651D2A9D78000F0916 /* Project object */ = {
			isa = PBXProject;
			attributes = {
				LastUpgradeCheck = 0730;
				ORGANIZATIONNAME = Karl;
				TargetAttributes = {
					CB19326C1D2A9D78000F0916 = {
						CreatedOnToolsVersion = 7.3.1;
						DevelopmentTeam = 8V5S27NL9K;
						SystemCapabilities = {
							com.apple.BackgroundModes = {
								enabled = 1;
							};
						};
					};
					CB1932851D2A9D78000F0916 = {
						CreatedOnToolsVersion = 7.3.1;
						TestTargetID = CB19326C1D2A9D78000F0916;
					};
					CB1932901D2A9D78000F0916 = {
						CreatedOnToolsVersion = 7.3.1;
						TestTargetID = CB19326C1D2A9D78000F0916;
					};
				};
			};
			buildConfigurationList = CB1932681D2A9D78000F0916 /* Build configuration list for PBXProject "BaiduMusicDemo" */;
			compatibilityVersion = "Xcode 3.2";
			developmentRegion = English;
			hasScannedForEncodings = 0;
			knownRegions = (
				en,
				Base,
			);
			mainGroup = CB1932641D2A9D78000F0916;
			productRefGroup = CB19326E1D2A9D78000F0916 /* Products */;
			projectDirPath = "";
			projectRoot = "";
			targets = (
				CB19326C1D2A9D78000F0916 /* BaiduMusicDemo */,
				CB1932851D2A9D78000F0916 /* BaiduMusicDemoTests */,
				CB1932901D2A9D78000F0916 /* BaiduMusicDemoUITests */,
			);
		};
/* End PBXProject section */

/* Begin PBXResourcesBuildPhase section */
		CB19326B1D2A9D78000F0916 /* Resources */ = {
			isa = PBXResourcesBuildPhase;
			buildActionMask = 2147483647;
			files = (
				CB7A94A21D2F83D1006B93D9 /* ic_close.png in Resources */,
				CBA48A1F1D2DE84E00FCBAAC /* LICENSE in Resources */,
				CB19327D1D2A9D78000F0916 /* Assets.xcassets in Resources */,
				CBA48A4C1D2E016F00FCBAAC /* LICENSE in Resources */,
			);
			runOnlyForDeploymentPostprocessing = 0;
		};
		CB1932841D2A9D78000F0916 /* Resources */ = {
			isa = PBXResourcesBuildPhase;
			buildActionMask = 2147483647;
			files = (
			);
			runOnlyForDeploymentPostprocessing = 0;
		};
		CB19328F1D2A9D78000F0916 /* Resources */ = {
			isa = PBXResourcesBuildPhase;
			buildActionMask = 2147483647;
			files = (
			);
			runOnlyForDeploymentPostprocessing = 0;
		};
/* End PBXResourcesBuildPhase section */

/* Begin PBXSourcesBuildPhase section */
		CB1932691D2A9D78000F0916 /* Sources */ = {
			isa = PBXSourcesBuildPhase;
			buildActionMask = 2147483647;
			files = (
				CBA48A521D2E016F00FCBAAC /* SDWebImageDownloader.m in Sources */,
				CBA48A211D2DE84E00FCBAAC /* MASConstraint.m in Sources */,
				CBA48A241D2DE84E00FCBAAC /* MASViewAttribute.m in Sources */,
				CBA48A551D2E016F00FCBAAC /* SDWebImagePrefetcher.m in Sources */,
				CBA48A291D2DE84E00FCBAAC /* ViewController+MASAdditions.m in Sources */,
				CBA48A261D2DE84E00FCBAAC /* NSArray+MASAdditions.m in Sources */,
				CBA48A581D2E016F00FCBAAC /* UIImage+MultiFormat.m in Sources */,
				CB41C2931D2CF59800C8659E /* PlayDetailController.m in Sources */,
				CBA48A251D2DE84E00FCBAAC /* MASViewConstraint.m in Sources */,
				CB3B63F01D2F743600A3B64A /* BaseViewController.m in Sources */,
				CBA48A4D1D2E016F00FCBAAC /* README.md in Sources */,
				CBA48A231D2DE84E00FCBAAC /* MASLayoutConstraint.m in Sources */,
				CB1932751D2A9D78000F0916 /* AppDelegate.m in Sources */,
				CBA48A281D2DE84E00FCBAAC /* View+MASAdditions.m in Sources */,
				CBA48A5A1D2E016F00FCBAAC /* UIImageView+WebCache.m in Sources */,
				CBA48A201D2DE84E00FCBAAC /* MASCompositeConstraint.m in Sources */,
				CBA48A2A1D2DE84E00FCBAAC /* README.md in Sources */,
				CBA48A4E1D2E016F00FCBAAC /* NSData+ImageContentType.m in Sources */,
				CBA48A271D2DE84E00FCBAAC /* NSLayoutConstraint+MASDebugAdditions.m in Sources */,
				CBA48A591D2E016F00FCBAAC /* UIImageView+HighlightedWebCache.m in Sources */,
				CBA48A221D2DE84E00FCBAAC /* MASConstraintMaker.m in Sources */,
				CBA48A541D2E016F00FCBAAC /* SDWebImageManager.m in Sources */,
				CBA48A511D2E016F00FCBAAC /* SDWebImageDecoder.m in Sources */,
				CBA48A531D2E016F00FCBAAC /* SDWebImageDownloaderOperation.m in Sources */,
				CBDCEF431D2B51D7006C45F0 /* SongsListController.m in Sources */,
				CB3B63F31D2F748A00A3B64A /* Reachability.m in Sources */,
				CB1932721D2A9D78000F0916 /* main.m in Sources */,
				CB41C2511D2B968900C8659E /* SongsListController+CreateSongList.m in Sources */,
				CBA48A501D2E016F00FCBAAC /* SDWebImageCompat.m in Sources */,
				CBA48A5B1D2E016F00FCBAAC /* UIView+WebCacheOperation.m in Sources */,
				CBA48A561D2E016F00FCBAAC /* UIButton+WebCache.m in Sources */,
				CBA48A571D2E016F00FCBAAC /* UIImage+GIF.m in Sources */,
				CBA48A4F1D2E016F00FCBAAC /* SDImageCache.m in Sources */,
			);
			runOnlyForDeploymentPostprocessing = 0;
		};
		CB1932821D2A9D78000F0916 /* Sources */ = {
			isa = PBXSourcesBuildPhase;
			buildActionMask = 2147483647;
			files = (
				CB19328B1D2A9D78000F0916 /* BaiduMusicDemoTests.m in Sources */,
			);
			runOnlyForDeploymentPostprocessing = 0;
		};
		CB19328D1D2A9D78000F0916 /* Sources */ = {
			isa = PBXSourcesBuildPhase;
			buildActionMask = 2147483647;
			files = (
				CB1932961D2A9D78000F0916 /* BaiduMusicDemoUITests.m in Sources */,
			);
			runOnlyForDeploymentPostprocessing = 0;
		};
/* End PBXSourcesBuildPhase section */

/* Begin PBXTargetDependency section */
		CB1932881D2A9D78000F0916 /* PBXTargetDependency */ = {
			isa = PBXTargetDependency;
			target = CB19326C1D2A9D78000F0916 /* BaiduMusicDemo */;
			targetProxy = CB1932871D2A9D78000F0916 /* PBXContainerItemProxy */;
		};
		CB1932931D2A9D78000F0916 /* PBXTargetDependency */ = {
			isa = PBXTargetDependency;
			target = CB19326C1D2A9D78000F0916 /* BaiduMusicDemo */;
			targetProxy = CB1932921D2A9D78000F0916 /* PBXContainerItemProxy */;
		};
/* End PBXTargetDependency section */

/* Begin XCBuildConfiguration section */
		CB1932981D2A9D78000F0916 /* Debug */ = {
			isa = XCBuildConfiguration;
			buildSettings = {
				ALWAYS_SEARCH_USER_PATHS = NO;
				CLANG_ANALYZER_NONNULL = YES;
				CLANG_CXX_LANGUAGE_STANDARD = "gnu++0x";
				CLANG_CXX_LIBRARY = "libc++";
				CLANG_ENABLE_MODULES = YES;
				CLANG_ENABLE_OBJC_ARC = YES;
				CLANG_WARN_BOOL_CONVERSION = YES;
				CLANG_WARN_CONSTANT_CONVERSION = YES;
				CLANG_WARN_DIRECT_OBJC_ISA_USAGE = YES_ERROR;
				CLANG_WARN_EMPTY_BODY = YES;
				CLANG_WARN_ENUM_CONVERSION = YES;
				CLANG_WARN_INT_CONVERSION = YES;
				CLANG_WARN_OBJC_ROOT_CLASS = YES_ERROR;
				CLANG_WARN_UNREACHABLE_CODE = YES;
				CLANG_WARN__DUPLICATE_METHOD_MATCH = YES;
				"CODE_SIGN_IDENTITY[sdk=iphoneos*]" = "iPhone Developer";
				COPY_PHASE_STRIP = NO;
				DEBUG_INFORMATION_FORMAT = dwarf;
				ENABLE_STRICT_OBJC_MSGSEND = YES;
				ENABLE_TESTABILITY = YES;
				GCC_C_LANGUAGE_STANDARD = gnu99;
				GCC_DYNAMIC_NO_PIC = NO;
				GCC_NO_COMMON_BLOCKS = YES;
				GCC_OPTIMIZATION_LEVEL = 0;
				GCC_PREPROCESSOR_DEFINITIONS = (
					"DEBUG=1",
					"$(inherited)",
				);
				GCC_WARN_64_TO_32_BIT_CONVERSION = YES;
				GCC_WARN_ABOUT_RETURN_TYPE = YES_ERROR;
				GCC_WARN_UNDECLARED_SELECTOR = YES;
				GCC_WARN_UNINITIALIZED_AUTOS = YES_AGGRESSIVE;
				GCC_WARN_UNUSED_FUNCTION = YES;
				GCC_WARN_UNUSED_VARIABLE = YES;
				IPHONEOS_DEPLOYMENT_TARGET = 9.3;
				MTL_ENABLE_DEBUG_INFO = YES;
				ONLY_ACTIVE_ARCH = YES;
				SDKROOT = iphoneos;
			};
			name = Debug;
		};
		CB1932991D2A9D78000F0916 /* Release */ = {
			isa = XCBuildConfiguration;
			buildSettings = {
				ALWAYS_SEARCH_USER_PATHS = NO;
				CLANG_ANALYZER_NONNULL = YES;
				CLANG_CXX_LANGUAGE_STANDARD = "gnu++0x";
				CLANG_CXX_LIBRARY = "libc++";
				CLANG_ENABLE_MODULES = YES;
				CLANG_ENABLE_OBJC_ARC = YES;
				CLANG_WARN_BOOL_CONVERSION = YES;
				CLANG_WARN_CONSTANT_CONVERSION = YES;
				CLANG_WARN_DIRECT_OBJC_ISA_USAGE = YES_ERROR;
				CLANG_WARN_EMPTY_BODY = YES;
				CLANG_WARN_ENUM_CONVERSION = YES;
				CLANG_WARN_INT_CONVERSION = YES;
				CLANG_WARN_OBJC_ROOT_CLASS = YES_ERROR;
				CLANG_WARN_UNREACHABLE_CODE = YES;
				CLANG_WARN__DUPLICATE_METHOD_MATCH = YES;
				"CODE_SIGN_IDENTITY[sdk=iphoneos*]" = "iPhone Developer";
				COPY_PHASE_STRIP = NO;
				DEBUG_INFORMATION_FORMAT = "dwarf-with-dsym";
				ENABLE_NS_ASSERTIONS = NO;
				ENABLE_STRICT_OBJC_MSGSEND = YES;
				GCC_C_LANGUAGE_STANDARD = gnu99;
				GCC_NO_COMMON_BLOCKS = YES;
				GCC_WARN_64_TO_32_BIT_CONVERSION = YES;
				GCC_WARN_ABOUT_RETURN_TYPE = YES_ERROR;
				GCC_WARN_UNDECLARED_SELECTOR = YES;
				GCC_WARN_UNINITIALIZED_AUTOS = YES_AGGRESSIVE;
				GCC_WARN_UNUSED_FUNCTION = YES;
				GCC_WARN_UNUSED_VARIABLE = YES;
				IPHONEOS_DEPLOYMENT_TARGET = 9.3;
				MTL_ENABLE_DEBUG_INFO = NO;
				SDKROOT = iphoneos;
				VALIDATE_PRODUCT = YES;
			};
			name = Release;
		};
		CB19329B1D2A9D78000F0916 /* Debug */ = {
			isa = XCBuildConfiguration;
			buildSettings = {
				ASSETCATALOG_COMPILER_APPICON_NAME = AppIcon;
				CLANG_CXX_LIBRARY = "libc++";
				CODE_SIGN_IDENTITY = "iPhone Developer";
				"CODE_SIGN_IDENTITY[sdk=iphoneos*]" = "iPhone Developer";
				ENABLE_BITCODE = NO;
				GCC_INPUT_FILETYPE = automatic;
				GCC_PREFIX_HEADER = "$(SRCROOT)/BaiduMusicDemo/PrefixHeader.pch";
				INFOPLIST_FILE = BaiduMusicDemo/Info.plist;
				IPHONEOS_DEPLOYMENT_TARGET = 7.0;
				LD_RUNPATH_SEARCH_PATHS = "$(inherited) @executable_path/Frameworks";
				LIBRARY_SEARCH_PATHS = (
					"$(inherited)",
					"$(PROJECT_DIR)/BaiduMusicDemo/TingSDK",
				);
				OTHER_LDFLAGS = "-ObjC";
				PRODUCT_BUNDLE_IDENTIFIER = Karl.BaiduMusicDemo;
				PRODUCT_NAME = "$(TARGET_NAME)";
				PROVISIONING_PROFILE = "";
			};
			name = Debug;
		};
		CB19329C1D2A9D78000F0916 /* Release */ = {
			isa = XCBuildConfiguration;
			buildSettings = {
				ASSETCATALOG_COMPILER_APPICON_NAME = AppIcon;
				CLANG_CXX_LIBRARY = "libc++";
				CODE_SIGN_IDENTITY = "iPhone Developer";
				"CODE_SIGN_IDENTITY[sdk=iphoneos*]" = "iPhone Developer";
				ENABLE_BITCODE = NO;
				GCC_INPUT_FILETYPE = automatic;
				GCC_PREFIX_HEADER = "$(SRCROOT)/BaiduMusicDemo/PrefixHeader.pch";
				INFOPLIST_FILE = BaiduMusicDemo/Info.plist;
				IPHONEOS_DEPLOYMENT_TARGET = 7.0;
				LD_RUNPATH_SEARCH_PATHS = "$(inherited) @executable_path/Frameworks";
				LIBRARY_SEARCH_PATHS = (
					"$(inherited)",
					"$(PROJECT_DIR)/BaiduMusicDemo/TingSDK",
				);
				OTHER_LDFLAGS = "-ObjC";
				PRODUCT_BUNDLE_IDENTIFIER = Karl.BaiduMusicDemo;
				PRODUCT_NAME = "$(TARGET_NAME)";
				PROVISIONING_PROFILE = "";
			};
			name = Release;
		};
		CB19329E1D2A9D78000F0916 /* Debug */ = {
			isa = XCBuildConfiguration;
			buildSettings = {
				BUNDLE_LOADER = "$(TEST_HOST)";
				INFOPLIST_FILE = BaiduMusicDemoTests/Info.plist;
				LD_RUNPATH_SEARCH_PATHS = "$(inherited) @executable_path/Frameworks @loader_path/Frameworks";
				PRODUCT_BUNDLE_IDENTIFIER = Karl.BaiduMusicDemoTests;
				PRODUCT_NAME = "$(TARGET_NAME)";
				TEST_HOST = "$(BUILT_PRODUCTS_DIR)/BaiduMusicDemo.app/BaiduMusicDemo";
			};
			name = Debug;
		};
		CB19329F1D2A9D78000F0916 /* Release */ = {
			isa = XCBuildConfiguration;
			buildSettings = {
				BUNDLE_LOADER = "$(TEST_HOST)";
				INFOPLIST_FILE = BaiduMusicDemoTests/Info.plist;
				LD_RUNPATH_SEARCH_PATHS = "$(inherited) @executable_path/Frameworks @loader_path/Frameworks";
				PRODUCT_BUNDLE_IDENTIFIER = Karl.BaiduMusicDemoTests;
				PRODUCT_NAME = "$(TARGET_NAME)";
				TEST_HOST = "$(BUILT_PRODUCTS_DIR)/BaiduMusicDemo.app/BaiduMusicDemo";
			};
			name = Release;
		};
		CB1932A11D2A9D78000F0916 /* Debug */ = {
			isa = XCBuildConfiguration;
			buildSettings = {
				INFOPLIST_FILE = BaiduMusicDemoUITests/Info.plist;
				LD_RUNPATH_SEARCH_PATHS = "$(inherited) @executable_path/Frameworks @loader_path/Frameworks";
				PRODUCT_BUNDLE_IDENTIFIER = Karl.BaiduMusicDemoUITests;
				PRODUCT_NAME = "$(TARGET_NAME)";
				TEST_TARGET_NAME = BaiduMusicDemo;
			};
			name = Debug;
		};
		CB1932A21D2A9D78000F0916 /* Release */ = {
			isa = XCBuildConfiguration;
			buildSettings = {
				INFOPLIST_FILE = BaiduMusicDemoUITests/Info.plist;
				LD_RUNPATH_SEARCH_PATHS = "$(inherited) @executable_path/Frameworks @loader_path/Frameworks";
				PRODUCT_BUNDLE_IDENTIFIER = Karl.BaiduMusicDemoUITests;
				PRODUCT_NAME = "$(TARGET_NAME)";
				TEST_TARGET_NAME = BaiduMusicDemo;
			};
			name = Release;
		};
/* End XCBuildConfiguration section */

/* Begin XCConfigurationList section */
		CB1932681D2A9D78000F0916 /* Build configuration list for PBXProject "BaiduMusicDemo" */ = {
			isa = XCConfigurationList;
			buildConfigurations = (
				CB1932981D2A9D78000F0916 /* Debug */,
				CB1932991D2A9D78000F0916 /* Release */,
			);
			defaultConfigurationIsVisible = 0;
			defaultConfigurationName = Release;
		};
		CB19329A1D2A9D78000F0916 /* Build configuration list for PBXNativeTarget "BaiduMusicDemo" */ = {
			isa = XCConfigurationList;
			buildConfigurations = (
				CB19329B1D2A9D78000F0916 /* Debug */,
				CB19329C1D2A9D78000F0916 /* Release */,
			);
			defaultConfigurationIsVisible = 0;
			defaultConfigurationName = Release;
		};
		CB19329D1D2A9D78000F0916 /* Build configuration list for PBXNativeTarget "BaiduMusicDemoTests" */ = {
			isa = XCConfigurationList;
			buildConfigurations = (
				CB19329E1D2A9D78000F0916 /* Debug */,
				CB19329F1D2A9D78000F0916 /* Release */,
			);
			defaultConfigurationIsVisible = 0;
			defaultConfigurationName = Release;
		};
		CB1932A01D2A9D78000F0916 /* Build configuration list for PBXNativeTarget "BaiduMusicDemoUITests" */ = {
			isa = XCConfigurationList;
			buildConfigurations = (
				CB1932A11D2A9D78000F0916 /* Debug */,
				CB1932A21D2A9D78000F0916 /* Release */,
			);
			defaultConfigurationIsVisible = 0;
			defaultConfigurationName = Release;
		};
/* End XCConfigurationList section */
	};
	rootObject = CB1932651D2A9D78000F0916 /* Project object */;
}
